// !$*UTF8*$!
{
	archiveVersion = 1;
	classes = {
	};
	objectVersion = 46;
	objects = {

/* Begin PBXBuildFile section */
		DA03DF48115B11A90036231B /* libcurl.dylib in Frameworks */ = {isa = PBXBuildFile; fileRef = DA03DF47115B11A90036231B /* libcurl.dylib */; };
		DA13887B101AED7000F73A82 /* MPConfig.m in Sources */ = {isa = PBXBuildFile; fileRef = DA13887A101AED7000F73A82 /* MPConfig.m */; };
		DA382DE5105A284E00D9B600 /* cftcl.c in Sources */ = {isa = PBXBuildFile; fileRef = DA382DE4105A284E00D9B600 /* cftcl.c */; };
		DA382EF0105A2B4900D9B600 /* Tcl.framework in Frameworks */ = {isa = PBXBuildFile; fileRef = DA382EEF105A2B4900D9B600 /* Tcl.framework */; };
		DA7AF1BC1058D1E200CF2187 /* internal.c in Sources */ = {isa = PBXBuildFile; fileRef = DA7AF1BB1058D1E200CF2187 /* internal.c */; };
		DA8700EA115B33CB006E3FB5 /* nstcl.m in Sources */ = {isa = PBXBuildFile; fileRef = DA8700E9115B33CB006E3FB5 /* nstcl.m */; };
		DA870137115B3AB6006E3FB5 /* Tcl_NSDataChannel.m in Sources */ = {isa = PBXBuildFile; fileRef = DA870136115B3AB6006E3FB5 /* Tcl_NSDataChannel.m */; };
		DA96BED00F7C9C2500362779 /* MPIndex.m in Sources */ = {isa = PBXBuildFile; fileRef = DA96BECF0F7C9C2500362779 /* MPIndex.m */; };
		DAB2118E107B33AB002E931E /* Foundation.framework in Frameworks */ = {isa = PBXBuildFile; fileRef = DAB2118D107B33AB002E931E /* Foundation.framework */; };
		DAD371710F0280EF0064AFF4 /* port.m in Sources */ = {isa = PBXBuildFile; fileRef = DAD371680F0280EF0064AFF4 /* port.m */; };
		DAD371740F0280EF0064AFF4 /* MPPort.c in Sources */ = {isa = PBXBuildFile; fileRef = DAD3716E0F0280EF0064AFF4 /* MPPort.c */; };
/* End PBXBuildFile section */

/* Begin PBXCopyFilesBuildPhase section */
		8DD76F9E0486AA7600D96B5E /* CopyFiles */ = {
			isa = PBXCopyFilesBuildPhase;
			buildActionMask = 8;
			dstPath = /usr/share/man/man1/;
			dstSubfolderSpec = 0;
			files = (
			);
			runOnlyForDeploymentPostprocessing = 1;
		};
/* End PBXCopyFilesBuildPhase section */

/* Begin PBXFileReference section */
		08FB779EFE84155DC02AAC07 /* CoreFoundation.framework */ = {isa = PBXFileReference; lastKnownFileType = wrapper.framework; name = CoreFoundation.framework; path = /System/Library/Frameworks/CoreFoundation.framework; sourceTree = "<absolute>"; };
		8DD76FA10486AA7600D96B5E /* port */ = {isa = PBXFileReference; explicitFileType = "compiled.mach-o.executable"; includeInIndex = 0; path = port; sourceTree = BUILT_PRODUCTS_DIR; };
		DA03DF47115B11A90036231B /* libcurl.dylib */ = {isa = PBXFileReference; lastKnownFileType = "compiled.mach-o.dylib"; name = libcurl.dylib; path = /usr/lib/libcurl.dylib; sourceTree = "<absolute>"; };
		DA138879101AED7000F73A82 /* MPConfig.h */ = {isa = PBXFileReference; fileEncoding = 4; lastKnownFileType = sourcecode.c.h; path = MPConfig.h; sourceTree = "<group>"; };
		DA13887A101AED7000F73A82 /* MPConfig.m */ = {isa = PBXFileReference; fileEncoding = 4; lastKnownFileType = sourcecode.c.objc; path = MPConfig.m; sourceTree = "<group>"; };
		DA382DE3105A284E00D9B600 /* cftcl.h */ = {isa = PBXFileReference; fileEncoding = 4; lastKnownFileType = sourcecode.c.h; path = cftcl.h; sourceTree = "<group>"; };
		DA382DE4105A284E00D9B600 /* cftcl.c */ = {isa = PBXFileReference; fileEncoding = 4; lastKnownFileType = sourcecode.c.c; path = cftcl.c; sourceTree = "<group>"; };
		DA382EEF105A2B4900D9B600 /* Tcl.framework */ = {isa = PBXFileReference; lastKnownFileType = wrapper.framework; name = Tcl.framework; path = /System/Library/Frameworks/Tcl.framework; sourceTree = "<absolute>"; };
		DA7AF1BA1058D1E200CF2187 /* internal.h */ = {isa = PBXFileReference; fileEncoding = 4; lastKnownFileType = sourcecode.c.h; path = internal.h; sourceTree = "<group>"; };
		DA7AF1BB1058D1E200CF2187 /* internal.c */ = {isa = PBXFileReference; fileEncoding = 4; lastKnownFileType = sourcecode.c.c; path = internal.c; sourceTree = "<group>"; };
		DA8700E8115B33CB006E3FB5 /* nstcl.h */ = {isa = PBXFileReference; fileEncoding = 4; lastKnownFileType = sourcecode.c.h; path = nstcl.h; sourceTree = "<group>"; };
		DA8700E9115B33CB006E3FB5 /* nstcl.m */ = {isa = PBXFileReference; fileEncoding = 4; lastKnownFileType = sourcecode.c.objc; path = nstcl.m; sourceTree = "<group>"; };
		DA870135115B3AB6006E3FB5 /* Tcl_NSDataChannel.h */ = {isa = PBXFileReference; fileEncoding = 4; lastKnownFileType = sourcecode.c.h; path = Tcl_NSDataChannel.h; sourceTree = "<group>"; };
		DA870136115B3AB6006E3FB5 /* Tcl_NSDataChannel.m */ = {isa = PBXFileReference; fileEncoding = 4; lastKnownFileType = sourcecode.c.objc; path = Tcl_NSDataChannel.m; sourceTree = "<group>"; };
		DA96BECE0F7C9C2500362779 /* MPIndex.h */ = {isa = PBXFileReference; fileEncoding = 4; lastKnownFileType = sourcecode.c.h; path = MPIndex.h; sourceTree = "<group>"; };
		DA96BECF0F7C9C2500362779 /* MPIndex.m */ = {isa = PBXFileReference; fileEncoding = 4; lastKnownFileType = sourcecode.c.objc; path = MPIndex.m; sourceTree = "<group>"; };
		DAB2118D107B33AB002E931E /* Foundation.framework */ = {isa = PBXFileReference; lastKnownFileType = wrapper.framework; name = Foundation.framework; path = /System/Library/Frameworks/Foundation.framework; sourceTree = "<absolute>"; };
		DAD371680F0280EF0064AFF4 /* port.m */ = {isa = PBXFileReference; fileEncoding = 4; lastKnownFileType = sourcecode.c.objc; path = port.m; sourceTree = "<group>"; };
		DAD3716D0F0280EF0064AFF4 /* MPPort.h */ = {isa = PBXFileReference; fileEncoding = 4; lastKnownFileType = sourcecode.c.h; path = MPPort.h; sourceTree = "<group>"; };
		DAD3716E0F0280EF0064AFF4 /* MPPort.c */ = {isa = PBXFileReference; fileEncoding = 4; lastKnownFileType = sourcecode.c.c; path = MPPort.c; sourceTree = "<group>"; };
		FD1CD53B1018F5AD0071534F /* variables.plist */ = {isa = PBXFileReference; fileEncoding = 4; lastKnownFileType = text.plist.xml; path = variables.plist; sourceTree = "<group>"; };
/* End PBXFileReference section */

/* Begin PBXFrameworksBuildPhase section */
		8DD76F9B0486AA7600D96B5E /* Frameworks */ = {
			isa = PBXFrameworksBuildPhase;
			buildActionMask = 2147483647;
			files = (
				DAB2118E107B33AB002E931E /* Foundation.framework in Frameworks */,
				DA382EF0105A2B4900D9B600 /* Tcl.framework in Frameworks */,
				DA03DF48115B11A90036231B /* libcurl.dylib in Frameworks */,
			);
			runOnlyForDeploymentPostprocessing = 0;
		};
/* End PBXFrameworksBuildPhase section */

/* Begin PBXGroup section */
		08FB7794FE84155DC02AAC07 /* objcports */ = {
			isa = PBXGroup;
			children = (
				08FB7795FE84155DC02AAC07 /* Source */,
				C6859EA2029092E104C91782 /* Documentation */,
				08FB779DFE84155DC02AAC07 /* External Frameworks and Libraries */,
				1AB674ADFE9D54B511CA2CBB /* Products */,
				DA03DF47115B11A90036231B /* libcurl.dylib */,
			);
			name = objcports;
			sourceTree = "<group>";
		};
		08FB7795FE84155DC02AAC07 /* Source */ = {
			isa = PBXGroup;
			children = (
				DAD371680F0280EF0064AFF4 /* port.m */,
				DA96BECE0F7C9C2500362779 /* MPIndex.h */,
				DA96BECF0F7C9C2500362779 /* MPIndex.m */,
				DAD3716D0F0280EF0064AFF4 /* MPPort.h */,
				DAD3716E0F0280EF0064AFF4 /* MPPort.c */,
				DA138879101AED7000F73A82 /* MPConfig.h */,
				DA13887A101AED7000F73A82 /* MPConfig.m */,
				DA7AF1BA1058D1E200CF2187 /* internal.h */,
				DA7AF1BB1058D1E200CF2187 /* internal.c */,
				DA382DE3105A284E00D9B600 /* cftcl.h */,
				DA382DE4105A284E00D9B600 /* cftcl.c */,
				FD1CD53B1018F5AD0071534F /* variables.plist */,
				DA8700E8115B33CB006E3FB5 /* nstcl.h */,
				DA8700E9115B33CB006E3FB5 /* nstcl.m */,
				DA870135115B3AB6006E3FB5 /* Tcl_NSDataChannel.h */,
				DA870136115B3AB6006E3FB5 /* Tcl_NSDataChannel.m */,
			);
			name = Source;
			sourceTree = "<group>";
		};
		08FB779DFE84155DC02AAC07 /* External Frameworks and Libraries */ = {
			isa = PBXGroup;
			children = (
				08FB779EFE84155DC02AAC07 /* CoreFoundation.framework */,
				DAB2118D107B33AB002E931E /* Foundation.framework */,
				DA382EEF105A2B4900D9B600 /* Tcl.framework */,
			);
			name = "External Frameworks and Libraries";
			sourceTree = "<group>";
		};
		1AB674ADFE9D54B511CA2CBB /* Products */ = {
			isa = PBXGroup;
			children = (
				8DD76FA10486AA7600D96B5E /* port */,
			);
			name = Products;
			sourceTree = "<group>";
		};
		C6859EA2029092E104C91782 /* Documentation */ = {
			isa = PBXGroup;
			children = (
			);
			name = Documentation;
			sourceTree = "<group>";
		};
/* End PBXGroup section */

/* Begin PBXNativeTarget section */
		8DD76F960486AA7600D96B5E /* port */ = {
			isa = PBXNativeTarget;
			buildConfigurationList = 1DEB927408733DD40010E9CD /* Build configuration list for PBXNativeTarget "port" */;
			buildPhases = (
				8DD76F990486AA7600D96B5E /* Sources */,
				8DD76F9B0486AA7600D96B5E /* Frameworks */,
				8DD76F9E0486AA7600D96B5E /* CopyFiles */,
			);
			buildRules = (
			);
			dependencies = (
			);
			name = port;
			productInstallPath = "$(HOME)/bin";
			productName = objcports;
			productReference = 8DD76FA10486AA7600D96B5E /* port */;
			productType = "com.apple.product-type.tool";
		};
/* End PBXNativeTarget section */

/* Begin PBXProject section */
		08FB7793FE84155DC02AAC07 /* Project object */ = {
			isa = PBXProject;
			buildConfigurationList = 1DEB927808733DD40010E9CD /* Build configuration list for PBXProject "objcports" */;
			compatibilityVersion = "Xcode 3.2";
			hasScannedForEncodings = 1;
			mainGroup = 08FB7794FE84155DC02AAC07 /* objcports */;
			projectDirPath = "";
			projectRoot = "";
			targets = (
				8DD76F960486AA7600D96B5E /* port */,
			);
		};
/* End PBXProject section */

/* Begin PBXSourcesBuildPhase section */
		8DD76F990486AA7600D96B5E /* Sources */ = {
			isa = PBXSourcesBuildPhase;
			buildActionMask = 2147483647;
			files = (
				DAD371710F0280EF0064AFF4 /* port.m in Sources */,
				DA96BED00F7C9C2500362779 /* MPIndex.m in Sources */,
				DAD371740F0280EF0064AFF4 /* MPPort.c in Sources */,
				DA13887B101AED7000F73A82 /* MPConfig.m in Sources */,
				DA7AF1BC1058D1E200CF2187 /* internal.c in Sources */,
				DA382DE5105A284E00D9B600 /* cftcl.c in Sources */,
				DA8700EA115B33CB006E3FB5 /* nstcl.m in Sources */,
				DA870137115B3AB6006E3FB5 /* Tcl_NSDataChannel.m in Sources */,
			);
			runOnlyForDeploymentPostprocessing = 0;
		};
/* End PBXSourcesBuildPhase section */

/* Begin XCBuildConfiguration section */
		1DEB927608733DD40010E9CD /* Release */ = {
			isa = XCBuildConfiguration;
			buildSettings = {
				INSTALL_PATH = /usr/local/bin;
				OTHER_LDFLAGS = (
					"-sectcreate",
					MacPorts,
					variables,
					"$(SRCROOT)/variables.plist",
				);
				PRODUCT_NAME = port;
			};
			name = Release;
		};
		1DEB927A08733DD40010E9CD /* Release */ = {
			isa = XCBuildConfiguration;
			buildSettings = {
				ALWAYS_SEARCH_USER_PATHS = NO;
				ARCHS = "$(ARCHS_STANDARD_64_BIT)";
				DEBUG_INFORMATION_FORMAT = "dwarf-with-dsym";
				GCC_C_LANGUAGE_STANDARD = gnu99;
				GCC_TREAT_IMPLICIT_FUNCTION_DECLARATIONS_AS_ERRORS = YES;
				GCC_WARN_64_TO_32_BIT_CONVERSION = YES;
				GCC_WARN_ABOUT_MISSING_FIELD_INITIALIZERS = YES;
				GCC_WARN_ABOUT_MISSING_NEWLINE = YES;
				GCC_WARN_ABOUT_MISSING_PROTOTYPES = YES;
				GCC_WARN_ABOUT_RETURN_TYPE = YES;
				GCC_WARN_CHECK_SWITCH_STATEMENTS = YES;
				GCC_WARN_EFFECTIVE_CPLUSPLUS_VIOLATIONS = YES;
				GCC_WARN_FOUR_CHARACTER_CONSTANTS = YES;
				GCC_WARN_HIDDEN_VIRTUAL_FUNCTIONS = YES;
				GCC_WARN_INITIALIZER_NOT_FULLY_BRACKETED = YES;
				GCC_WARN_MISSING_PARENTHESES = YES;
				GCC_WARN_NON_VIRTUAL_DESTRUCTOR = YES;
				GCC_WARN_PEDANTIC = YES;
				GCC_WARN_SHADOW = YES;
				GCC_WARN_SIGN_COMPARE = YES;
				GCC_WARN_STRICT_SELECTOR_MATCH = YES;
				GCC_WARN_UNDECLARED_SELECTOR = YES;
				GCC_WARN_UNINITIALIZED_AUTOS = YES;
				GCC_WARN_UNKNOWN_PRAGMAS = YES;
				GCC_WARN_UNUSED_FUNCTION = YES;
				GCC_WARN_UNUSED_LABEL = YES;
				GCC_WARN_UNUSED_PARAMETER = YES;
				GCC_WARN_UNUSED_VALUE = YES;
				GCC_WARN_UNUSED_VARIABLE = YES;
				PREBINDING = NO;
				USE_HEADERMAP = NO;
			};
			name = Release;
		};
/* End XCBuildConfiguration section */

/* Begin XCConfigurationList section */
		1DEB927408733DD40010E9CD /* Build configuration list for PBXNativeTarget "port" */ = {
			isa = XCConfigurationList;
			buildConfigurations = (
				1DEB927608733DD40010E9CD /* Release */,
			);
			defaultConfigurationIsVisible = 0;
			defaultConfigurationName = Release;
		};
		1DEB927808733DD40010E9CD /* Build configuration list for PBXProject "objcports" */ = {
			isa = XCConfigurationList;
			buildConfigurations = (
				1DEB927A08733DD40010E9CD /* Release */,
			);
			defaultConfigurationIsVisible = 0;
			defaultConfigurationName = Release;
		};
/* End XCConfigurationList section */
	};
	rootObject = 08FB7793FE84155DC02AAC07 /* Project object */;
}
