// !$*UTF8*$!
{
	archiveVersion = 1;
	classes = {
	};
	objectVersion = 46;
	objects = {

/* Begin PBXBuildFile section */
		8DD76F9C0486AA7600D96B5E /* Foundation.framework in Frameworks */ = {isa = PBXBuildFile; fileRef = 08FB779EFE84155DC02AAC07 /* Foundation.framework */; };
		DA13887B101AED7000F73A82 /* MPConfig.c in Sources */ = {isa = PBXBuildFile; fileRef = DA13887A101AED7000F73A82 /* MPConfig.c */; };
		DA7AF1BC1058D1E200CF2187 /* internal.c in Sources */ = {isa = PBXBuildFile; fileRef = DA7AF1BB1058D1E200CF2187 /* internal.c */; };
		DA96BED00F7C9C2500362779 /* MPIndex.c in Sources */ = {isa = PBXBuildFile; fileRef = DA96BECF0F7C9C2500362779 /* MPIndex.c */; };
		DA96BF4C0F7CA1A700362779 /* MPDictionaryAdditions.c in Sources */ = {isa = PBXBuildFile; fileRef = DA96BF4B0F7CA1A700362779 /* MPDictionaryAdditions.c */; };
		DAD371710F0280EF0064AFF4 /* port.m in Sources */ = {isa = PBXBuildFile; fileRef = DAD371680F0280EF0064AFF4 /* port.m */; };
		DAD371720F0280EF0064AFF4 /* MPArrayAdditions.c in Sources */ = {isa = PBXBuildFile; fileRef = DAD3716A0F0280EF0064AFF4 /* MPArrayAdditions.c */; };
		DAD371740F0280EF0064AFF4 /* MPPort.m in Sources */ = {isa = PBXBuildFile; fileRef = DAD3716E0F0280EF0064AFF4 /* MPPort.m */; };
		DAD371750F0280EF0064AFF4 /* MPStringAdditions.c in Sources */ = {isa = PBXBuildFile; fileRef = DAD371700F0280EF0064AFF4 /* MPStringAdditions.c */; };
		DAD371950F0281940064AFF4 /* libtcl.dylib in Frameworks */ = {isa = PBXBuildFile; fileRef = DAD371940F0281940064AFF4 /* libtcl.dylib */; };
/* End PBXBuildFile section */

/* Begin PBXCopyFilesBuildPhase section */
		8DD76F9E0486AA7600D96B5E /* CopyFiles */ = {
			isa = PBXCopyFilesBuildPhase;
			buildActionMask = 8;
			dstPath = /usr/share/man/man1/;
			dstSubfolderSpec = 0;
			files = (
			);
			runOnlyForDeploymentPostprocessing = 1;
		};
/* End PBXCopyFilesBuildPhase section */

/* Begin PBXFileReference section */
		08FB779EFE84155DC02AAC07 /* Foundation.framework */ = {isa = PBXFileReference; lastKnownFileType = wrapper.framework; name = Foundation.framework; path = /System/Library/Frameworks/Foundation.framework; sourceTree = "<absolute>"; };
		8DD76FA10486AA7600D96B5E /* port */ = {isa = PBXFileReference; explicitFileType = "compiled.mach-o.executable"; includeInIndex = 0; path = port; sourceTree = BUILT_PRODUCTS_DIR; };
		DA138879101AED7000F73A82 /* MPConfig.h */ = {isa = PBXFileReference; fileEncoding = 4; lastKnownFileType = sourcecode.c.h; path = MPConfig.h; sourceTree = "<group>"; };
		DA13887A101AED7000F73A82 /* MPConfig.c */ = {isa = PBXFileReference; fileEncoding = 4; lastKnownFileType = sourcecode.c.c; path = MPConfig.c; sourceTree = "<group>"; };
		DA7AF1BA1058D1E200CF2187 /* internal.h */ = {isa = PBXFileReference; fileEncoding = 4; lastKnownFileType = sourcecode.c.h; path = internal.h; sourceTree = "<group>"; };
		DA7AF1BB1058D1E200CF2187 /* internal.c */ = {isa = PBXFileReference; fileEncoding = 4; lastKnownFileType = sourcecode.c.c; path = internal.c; sourceTree = "<group>"; };
		DA96BECE0F7C9C2500362779 /* MPIndex.h */ = {isa = PBXFileReference; fileEncoding = 4; lastKnownFileType = sourcecode.c.h; path = MPIndex.h; sourceTree = "<group>"; };
		DA96BECF0F7C9C2500362779 /* MPIndex.c */ = {isa = PBXFileReference; fileEncoding = 4; lastKnownFileType = sourcecode.c.c; path = MPIndex.c; sourceTree = "<group>"; };
		DA96BF4A0F7CA1A700362779 /* MPDictionaryAdditions.h */ = {isa = PBXFileReference; fileEncoding = 4; lastKnownFileType = sourcecode.c.h; path = MPDictionaryAdditions.h; sourceTree = "<group>"; };
		DA96BF4B0F7CA1A700362779 /* MPDictionaryAdditions.c */ = {isa = PBXFileReference; fileEncoding = 4; lastKnownFileType = sourcecode.c.c; path = MPDictionaryAdditions.c; sourceTree = "<group>"; };
		DAD371680F0280EF0064AFF4 /* port.m */ = {isa = PBXFileReference; fileEncoding = 4; lastKnownFileType = sourcecode.c.objc; path = port.m; sourceTree = "<group>"; };
		DAD371690F0280EF0064AFF4 /* MPArrayAdditions.h */ = {isa = PBXFileReference; fileEncoding = 4; lastKnownFileType = sourcecode.c.h; path = MPArrayAdditions.h; sourceTree = "<group>"; };
		DAD3716A0F0280EF0064AFF4 /* MPArrayAdditions.c */ = {isa = PBXFileReference; fileEncoding = 4; lastKnownFileType = sourcecode.c.c; path = MPArrayAdditions.c; sourceTree = "<group>"; };
		DAD3716D0F0280EF0064AFF4 /* MPPort.h */ = {isa = PBXFileReference; fileEncoding = 4; lastKnownFileType = sourcecode.c.h; path = MPPort.h; sourceTree = "<group>"; };
		DAD3716E0F0280EF0064AFF4 /* MPPort.m */ = {isa = PBXFileReference; fileEncoding = 4; lastKnownFileType = sourcecode.c.objc; path = MPPort.m; sourceTree = "<group>"; };
		DAD3716F0F0280EF0064AFF4 /* MPStringAdditions.h */ = {isa = PBXFileReference; fileEncoding = 4; lastKnownFileType = sourcecode.c.h; path = MPStringAdditions.h; sourceTree = "<group>"; };
		DAD371700F0280EF0064AFF4 /* MPStringAdditions.c */ = {isa = PBXFileReference; fileEncoding = 4; lastKnownFileType = sourcecode.c.c; path = MPStringAdditions.c; sourceTree = "<group>"; };
		DAD371940F0281940064AFF4 /* libtcl.dylib */ = {isa = PBXFileReference; lastKnownFileType = "compiled.mach-o.dylib"; name = libtcl.dylib; path = /usr/lib/libtcl.dylib; sourceTree = "<absolute>"; };
		FD1CD53B1018F5AD0071534F /* variables.plist */ = {isa = PBXFileReference; fileEncoding = 4; lastKnownFileType = text.plist.xml; path = variables.plist; sourceTree = "<group>"; };
/* End PBXFileReference section */

/* Begin PBXFrameworksBuildPhase section */
		8DD76F9B0486AA7600D96B5E /* Frameworks */ = {
			isa = PBXFrameworksBuildPhase;
			buildActionMask = 2147483647;
			files = (
				8DD76F9C0486AA7600D96B5E /* Foundation.framework in Frameworks */,
				DAD371950F0281940064AFF4 /* libtcl.dylib in Frameworks */,
			);
			runOnlyForDeploymentPostprocessing = 0;
		};
/* End PBXFrameworksBuildPhase section */

/* Begin PBXGroup section */
		08FB7794FE84155DC02AAC07 /* objcports */ = {
			isa = PBXGroup;
			children = (
				08FB7795FE84155DC02AAC07 /* Source */,
				C6859EA2029092E104C91782 /* Documentation */,
				08FB779DFE84155DC02AAC07 /* External Frameworks and Libraries */,
				1AB674ADFE9D54B511CA2CBB /* Products */,
			);
			name = objcports;
			sourceTree = "<group>";
		};
		08FB7795FE84155DC02AAC07 /* Source */ = {
			isa = PBXGroup;
			children = (
				DAD371680F0280EF0064AFF4 /* port.m */,
				DAD371690F0280EF0064AFF4 /* MPArrayAdditions.h */,
				DAD3716A0F0280EF0064AFF4 /* MPArrayAdditions.c */,
				DA96BF4A0F7CA1A700362779 /* MPDictionaryAdditions.h */,
				DA96BF4B0F7CA1A700362779 /* MPDictionaryAdditions.c */,
				DA96BECE0F7C9C2500362779 /* MPIndex.h */,
				DA96BECF0F7C9C2500362779 /* MPIndex.c */,
				DAD3716D0F0280EF0064AFF4 /* MPPort.h */,
				DAD3716E0F0280EF0064AFF4 /* MPPort.m */,
				DAD3716F0F0280EF0064AFF4 /* MPStringAdditions.h */,
				DAD371700F0280EF0064AFF4 /* MPStringAdditions.c */,
				DA138879101AED7000F73A82 /* MPConfig.h */,
				DA13887A101AED7000F73A82 /* MPConfig.c */,
				DA7AF1BA1058D1E200CF2187 /* internal.h */,
				DA7AF1BB1058D1E200CF2187 /* internal.c */,
				FD1CD53B1018F5AD0071534F /* variables.plist */,
			);
			name = Source;
			sourceTree = "<group>";
		};
		08FB779DFE84155DC02AAC07 /* External Frameworks and Libraries */ = {
			isa = PBXGroup;
			children = (
				DAD371940F0281940064AFF4 /* libtcl.dylib */,
				08FB779EFE84155DC02AAC07 /* Foundation.framework */,
			);
			name = "External Frameworks and Libraries";
			sourceTree = "<group>";
		};
		1AB674ADFE9D54B511CA2CBB /* Products */ = {
			isa = PBXGroup;
			children = (
				8DD76FA10486AA7600D96B5E /* port */,
			);
			name = Products;
			sourceTree = "<group>";
		};
		C6859EA2029092E104C91782 /* Documentation */ = {
			isa = PBXGroup;
			children = (
			);
			name = Documentation;
			sourceTree = "<group>";
		};
/* End PBXGroup section */

/* Begin PBXNativeTarget section */
		8DD76F960486AA7600D96B5E /* port */ = {
			isa = PBXNativeTarget;
			buildConfigurationList = 1DEB927408733DD40010E9CD /* Build configuration list for PBXNativeTarget "port" */;
			buildPhases = (
				8DD76F990486AA7600D96B5E /* Sources */,
				8DD76F9B0486AA7600D96B5E /* Frameworks */,
				8DD76F9E0486AA7600D96B5E /* CopyFiles */,
			);
			buildRules = (
			);
			dependencies = (
			);
			name = port;
			productInstallPath = "$(HOME)/bin";
			productName = objcports;
			productReference = 8DD76FA10486AA7600D96B5E /* port */;
			productType = "com.apple.product-type.tool";
		};
/* End PBXNativeTarget section */

/* Begin PBXProject section */
		08FB7793FE84155DC02AAC07 /* Project object */ = {
			isa = PBXProject;
			buildConfigurationList = 1DEB927808733DD40010E9CD /* Build configuration list for PBXProject "objcports" */;
			compatibilityVersion = "Xcode 3.2";
			hasScannedForEncodings = 1;
			mainGroup = 08FB7794FE84155DC02AAC07 /* objcports */;
			projectDirPath = "";
			projectRoot = "";
			targets = (
				8DD76F960486AA7600D96B5E /* port */,
			);
		};
/* End PBXProject section */

/* Begin PBXSourcesBuildPhase section */
		8DD76F990486AA7600D96B5E /* Sources */ = {
			isa = PBXSourcesBuildPhase;
			buildActionMask = 2147483647;
			files = (
				DAD371710F0280EF0064AFF4 /* port.m in Sources */,
				DAD371720F0280EF0064AFF4 /* MPArrayAdditions.c in Sources */,
				DAD371750F0280EF0064AFF4 /* MPStringAdditions.c in Sources */,
				DA96BED00F7C9C2500362779 /* MPIndex.c in Sources */,
				DAD371740F0280EF0064AFF4 /* MPPort.m in Sources */,
				DA96BF4C0F7CA1A700362779 /* MPDictionaryAdditions.c in Sources */,
				DA13887B101AED7000F73A82 /* MPConfig.c in Sources */,
				DA7AF1BC1058D1E200CF2187 /* internal.c in Sources */,
			);
			runOnlyForDeploymentPostprocessing = 0;
		};
/* End PBXSourcesBuildPhase section */

/* Begin XCBuildConfiguration section */
		1DEB927608733DD40010E9CD /* Release */ = {
			isa = XCBuildConfiguration;
			buildSettings = {
				ALWAYS_SEARCH_USER_PATHS = NO;
				DEBUG_INFORMATION_FORMAT = "dwarf-with-dsym";
				INSTALL_PATH = /usr/local/bin;
				OTHER_LDFLAGS = (
					"-sectcreate",
					MacPorts,
					variables,
					"$(SRCROOT)/variables.plist",
				);
				PRODUCT_NAME = port;
			};
			name = Release;
		};
		1DEB927A08733DD40010E9CD /* Release */ = {
			isa = XCBuildConfiguration;
			buildSettings = {
				ARCHS = "$(ARCHS_STANDARD_32_64_BIT)";
				GCC_C_LANGUAGE_STANDARD = c99;
				GCC_WARN_ABOUT_MISSING_FIELD_INITIALIZERS = YES;
				GCC_WARN_ABOUT_MISSING_NEWLINE = YES;
				GCC_WARN_ABOUT_MISSING_PROTOTYPES = YES;
				GCC_WARN_ABOUT_RETURN_TYPE = YES;
				GCC_WARN_MISSING_PARENTHESES = YES;
				GCC_WARN_SIGN_COMPARE = YES;
				GCC_WARN_UNDECLARED_SELECTOR = YES;
				GCC_WARN_UNINITIALIZED_AUTOS = YES;
				GCC_WARN_UNKNOWN_PRAGMAS = YES;
				GCC_WARN_UNUSED_FUNCTION = YES;
				GCC_WARN_UNUSED_LABEL = YES;
				GCC_WARN_UNUSED_VALUE = YES;
				GCC_WARN_UNUSED_VARIABLE = YES;
				PREBINDING = NO;
			};
			name = Release;
		};
/* End XCBuildConfiguration section */

/* Begin XCConfigurationList section */
		1DEB927408733DD40010E9CD /* Build configuration list for PBXNativeTarget "port" */ = {
			isa = XCConfigurationList;
			buildConfigurations = (
				1DEB927608733DD40010E9CD /* Release */,
			);
			defaultConfigurationIsVisible = 0;
			defaultConfigurationName = Release;
		};
		1DEB927808733DD40010E9CD /* Build configuration list for PBXProject "objcports" */ = {
			isa = XCConfigurationList;
			buildConfigurations = (
				1DEB927A08733DD40010E9CD /* Release */,
			);
			defaultConfigurationIsVisible = 0;
			defaultConfigurationName = Release;
		};
/* End XCConfigurationList section */
	};
	rootObject = 08FB7793FE84155DC02AAC07 /* Project object */;
}
